
Microsoft Visual Studio Solution File, Format Version 12.00
# Visual Studio Version 17
VisualStudioVersion = 17.14.36915.13 d17.14
MinimumVisualStudioVersion = 10.0.40219.1
Project("{FAE04EC0-301F-11D3-BF4B-00C04F79EFBC}") = "InsuranceTypes", "InsuranceTypes\InsuranceTypes.csproj", "{5A67606F-9E8A-4E60-B9E1-C9DBB97FFD24}"
EndProject
Global
	GlobalSection(SolutionConfigurationPlatforms) = preSolution
		Debug|Any CPU = Debug|Any CPU
		Release|Any CPU = Release|Any CPU
	EndGlobalSection
	GlobalSection(ProjectConfigurationPlatforms) = postSolution
		{5A67606F-9E8A-4E60-B9E1-C9DBB97FFD24}.Debug|Any CPU.ActiveCfg = Debug|Any CPU
		{5A67606F-9E8A-4E60-B9E1-C9DBB97FFD24}.Debug|Any CPU.Build.0 = Debug|Any CPU
		{5A67606F-9E8A-4E60-B9E1-C9DBB97FFD24}.Release|Any CPU.ActiveCfg = Release|Any CPU
		{5A67606F-9E8A-4E60-B9E1-C9DBB97FFD24}.Release|Any CPU.Build.0 = Release|Any CPU
	EndGlobalSection
	GlobalSection(SolutionProperties) = preSolution
		HideSolutionNode = FALSE
	EndGlobalSection
	GlobalSection(ExtensibilityGlobals) = postSolution
		SolutionGuid = {5CDE5228-E3EF-4B93-A677-2ED961654370}
	EndGlobalSection
EndGlobal
