
Microsoft Visual Studio Solution File, Format Version 12.00
# Visual Studio Version 17
VisualStudioVersion = 17.14.36915.13 d17.14
MinimumVisualStudioVersion = 10.0.40219.1
Project("{FAE04EC0-301F-11D3-BF4B-00C04F79EFBC}") = "JWTAuth1", "JWTAuth1\JWTAuth1.csproj", "{77D5B5C2-7D49-42B4-805D-10FA5C253CBD}"
EndProject
Global
	GlobalSection(SolutionConfigurationPlatforms) = preSolution
		Debug|Any CPU = Debug|Any CPU
		Release|Any CPU = Release|Any CPU
	EndGlobalSection
	GlobalSection(ProjectConfigurationPlatforms) = postSolution
		{77D5B5C2-7D49-42B4-805D-10FA5C253CBD}.Debug|Any CPU.ActiveCfg = Debug|Any CPU
		{77D5B5C2-7D49-42B4-805D-10FA5C253CBD}.Debug|Any CPU.Build.0 = Debug|Any CPU
		{77D5B5C2-7D49-42B4-805D-10FA5C253CBD}.Release|Any CPU.ActiveCfg = Release|Any CPU
		{77D5B5C2-7D49-42B4-805D-10FA5C253CBD}.Release|Any CPU.Build.0 = Release|Any CPU
	EndGlobalSection
	GlobalSection(SolutionProperties) = preSolution
		HideSolutionNode = FALSE
	EndGlobalSection
	GlobalSection(ExtensibilityGlobals) = postSolution
		SolutionGuid = {64579DF2-BACC-4DA8-8492-773A89F59CEC}
	EndGlobalSection
EndGlobal
