
Microsoft Visual Studio Solution File, Format Version 12.00
# Visual Studio Version 17
VisualStudioVersion = 17.14.36915.13 d17.14
MinimumVisualStudioVersion = 10.0.40219.1
Project("{FAE04EC0-301F-11D3-BF4B-00C04F79EFBC}") = "OOPS", "OOPS\OOPS.csproj", "{5C880C45-2C40-43AD-9E46-1434A9B7D024}"
EndProject
Global
	GlobalSection(SolutionConfigurationPlatforms) = preSolution
		Debug|Any CPU = Debug|Any CPU
		Release|Any CPU = Release|Any CPU
	EndGlobalSection
	GlobalSection(ProjectConfigurationPlatforms) = postSolution
		{5C880C45-2C40-43AD-9E46-1434A9B7D024}.Debug|Any CPU.ActiveCfg = Debug|Any CPU
		{5C880C45-2C40-43AD-9E46-1434A9B7D024}.Debug|Any CPU.Build.0 = Debug|Any CPU
		{5C880C45-2C40-43AD-9E46-1434A9B7D024}.Release|Any CPU.ActiveCfg = Release|Any CPU
		{5C880C45-2C40-43AD-9E46-1434A9B7D024}.Release|Any CPU.Build.0 = Release|Any CPU
	EndGlobalSection
	GlobalSection(SolutionProperties) = preSolution
		HideSolutionNode = FALSE
	EndGlobalSection
	GlobalSection(ExtensibilityGlobals) = postSolution
		SolutionGuid = {0A471C19-FC64-4379-AF42-8DA7CA0D147D}
	EndGlobalSection
EndGlobal
